
Microsoft Visual Studio Solution File, Format Version 12.00
# Visual Studio 15
VisualStudioVersion = 15.0.27004.2002
MinimumVisualStudioVersion = 10.0.40219.1
Project("{FAE04EC0-301F-11D3-BF4B-00C04F79EFBC}") = "GitHubTest1Project", "GitHubTest1Project\GitHubTest1Project.csproj", "{795FF87D-AA17-4260-AFA2-4DA88BE5AC03}"
EndProject
Global
	GlobalSection(SolutionConfigurationPlatforms) = preSolution
		Debug|Any CPU = Debug|Any CPU
		Release|Any CPU = Release|Any CPU
	EndGlobalSection
	GlobalSection(ProjectConfigurationPlatforms) = postSolution
		{795FF87D-AA17-4260-AFA2-4DA88BE5AC03}.Debug|Any CPU.ActiveCfg = Debug|Any CPU
		{795FF87D-AA17-4260-AFA2-4DA88BE5AC03}.Debug|Any CPU.Build.0 = Debug|Any CPU
		{795FF87D-AA17-4260-AFA2-4DA88BE5AC03}.Release|Any CPU.ActiveCfg = Release|Any CPU
		{795FF87D-AA17-4260-AFA2-4DA88BE5AC03}.Release|Any CPU.Build.0 = Release|Any CPU
	EndGlobalSection
	GlobalSection(SolutionProperties) = preSolution
		HideSolutionNode = FALSE
	EndGlobalSection
	GlobalSection(ExtensibilityGlobals) = postSolution
		SolutionGuid = {3BE10E1F-745D-4CC5-BAB3-DA6FD1FA7B56}
	EndGlobalSection
EndGlobal
